
Microsoft Visual Studio Solution File, Format Version 12.00
# Visual Studio 15
VisualStudioVersion = 15.0.28307.136
MinimumVisualStudioVersion = 10.0.40219.1
Project("{FAE04EC0-301F-11D3-BF4B-00C04F79EFBC}") = "Kleine opdracht", "Kleine opdracht\Kleine opdracht.csproj", "{DCCB8137-8C87-4D2D-AAA0-9B6B69256427}"
EndProject
Global
	GlobalSection(SolutionConfigurationPlatforms) = preSolution
		Debug|Any CPU = Debug|Any CPU
		Release|Any CPU = Release|Any CPU
	EndGlobalSection
	GlobalSection(ProjectConfigurationPlatforms) = postSolution
		{DCCB8137-8C87-4D2D-AAA0-9B6B69256427}.Debug|Any CPU.ActiveCfg = Debug|Any CPU
		{DCCB8137-8C87-4D2D-AAA0-9B6B69256427}.Debug|Any CPU.Build.0 = Debug|Any CPU
		{DCCB8137-8C87-4D2D-AAA0-9B6B69256427}.Release|Any CPU.ActiveCfg = Release|Any CPU
		{DCCB8137-8C87-4D2D-AAA0-9B6B69256427}.Release|Any CPU.Build.0 = Release|Any CPU
	EndGlobalSection
	GlobalSection(SolutionProperties) = preSolution
		HideSolutionNode = FALSE
	EndGlobalSection
	GlobalSection(ExtensibilityGlobals) = postSolution
		SolutionGuid = {A35C9AE5-D3E7-4CEF-BDCA-53988B01651E}
	EndGlobalSection
EndGlobal
